<Solution>
  <Project Path="../tests/Portfolio.Tests/Portfolio.Tests.csproj" />
  <Project Path="Portfolio.Api/Portfolio.Api.csproj" />
  <Project Path="Portfolio.Application/Portfolio.Application.csproj" />
  <Project Path="Portfolio.Domain/Portfolio.Domain.csproj" />
  <Project Path="Portfolio.Infrastructure/Portfolio.Infrastructure.csproj" />
</Solution>
